
Microsoft Visual Studio Solution File, Format Version 12.00
# Visual Studio Version 17
VisualStudioVersion = 17.8.34330.188
MinimumVisualStudioVersion = 10.0.40219.1
Project("{FAE04EC0-301F-11D3-BF4B-00C04F79EFBC}") = "Core", "Core\Core.csproj", "{E5A22AD3-ADA1-4E52-A2AC-C3397FBA121C}"
EndProject
Project("{FAE04EC0-301F-11D3-BF4B-00C04F79EFBC}") = "Application", "Application\Application.csproj", "{77C09CF1-FA77-493C-9D46-8B7824AD7202}"
EndProject
Project("{FAE04EC0-301F-11D3-BF4B-00C04F79EFBC}") = "Infrastructure", "Infrastructure\Infrastructure.csproj", "{86210851-DEDF-46CA-824F-E386DD95903F}"
EndProject
Project("{FAE04EC0-301F-11D3-BF4B-00C04F79EFBC}") = "API", "API\API.csproj", "{B255CF9E-14D1-4B50-A1AE-F3F5247BB9D9}"
EndProject
Global
	GlobalSection(SolutionConfigurationPlatforms) = preSolution
		Debug|Any CPU = Debug|Any CPU
		Release|Any CPU = Release|Any CPU
	EndGlobalSection
	GlobalSection(ProjectConfigurationPlatforms) = postSolution
		{E5A22AD3-ADA1-4E52-A2AC-C3397FBA121C}.Debug|Any CPU.ActiveCfg = Debug|Any CPU
		{E5A22AD3-ADA1-4E52-A2AC-C3397FBA121C}.Debug|Any CPU.Build.0 = Debug|Any CPU
		{E5A22AD3-ADA1-4E52-A2AC-C3397FBA121C}.Release|Any CPU.ActiveCfg = Release|Any CPU
		{E5A22AD3-ADA1-4E52-A2AC-C3397FBA121C}.Release|Any CPU.Build.0 = Release|Any CPU
		{77C09CF1-FA77-493C-9D46-8B7824AD7202}.Debug|Any CPU.ActiveCfg = Debug|Any CPU
		{77C09CF1-FA77-493C-9D46-8B7824AD7202}.Debug|Any CPU.Build.0 = Debug|Any CPU
		{77C09CF1-FA77-493C-9D46-8B7824AD7202}.Release|Any CPU.ActiveCfg = Release|Any CPU
		{77C09CF1-FA77-493C-9D46-8B7824AD7202}.Release|Any CPU.Build.0 = Release|Any CPU
		{86210851-DEDF-46CA-824F-E386DD95903F}.Debug|Any CPU.ActiveCfg = Debug|Any CPU
		{86210851-DEDF-46CA-824F-E386DD95903F}.Debug|Any CPU.Build.0 = Debug|Any CPU
		{86210851-DEDF-46CA-824F-E386DD95903F}.Release|Any CPU.ActiveCfg = Release|Any CPU
		{86210851-DEDF-46CA-824F-E386DD95903F}.Release|Any CPU.Build.0 = Release|Any CPU
		{B255CF9E-14D1-4B50-A1AE-F3F5247BB9D9}.Debug|Any CPU.ActiveCfg = Debug|Any CPU
		{B255CF9E-14D1-4B50-A1AE-F3F5247BB9D9}.Debug|Any CPU.Build.0 = Debug|Any CPU
		{B255CF9E-14D1-4B50-A1AE-F3F5247BB9D9}.Release|Any CPU.ActiveCfg = Release|Any CPU
		{B255CF9E-14D1-4B50-A1AE-F3F5247BB9D9}.Release|Any CPU.Build.0 = Release|Any CPU
	EndGlobalSection
	GlobalSection(SolutionProperties) = preSolution
		HideSolutionNode = FALSE
	EndGlobalSection
	GlobalSection(ExtensibilityGlobals) = postSolution
		SolutionGuid = {9892145E-E82E-435E-8F8C-7F72917DBCA7}
	EndGlobalSection
EndGlobal
